
Microsoft Visual Studio Solution File, Format Version 11.00
# Visual Studio 2010
Project("{FAE04EC0-301F-11D3-BF4B-00C04F79EFBC}") = "KeyMaster", "KeyMaster\KeyMaster.csproj", "{E35A951E-AA92-4B66-B380-F9AD6FB50EAC}"
EndProject
Project("{2150E333-8FDC-42A3-9474-1A3956D46DE8}") = "Solution Items", "Solution Items", "{BE74138F-55CE-4E81-8499-B86D3CF3E260}"
	ProjectSection(SolutionItems) = preProject
		KeyMaster.vsmdi = KeyMaster.vsmdi
		Local.testsettings = Local.testsettings
		TraceAndTestImpact.testsettings = TraceAndTestImpact.testsettings
	EndProjectSection
EndProject
Project("{FAE04EC0-301F-11D3-BF4B-00C04F79EFBC}") = "KeyMaster.Tests", "KeyMaster.Tests\KeyMaster.Tests.csproj", "{E8F28048-B13B-4EE4-B726-93A81818A270}"
EndProject
Global
	GlobalSection(TestCaseManagementSettings) = postSolution
		CategoryFile = KeyMaster.vsmdi
	EndGlobalSection
	GlobalSection(SolutionConfigurationPlatforms) = preSolution
		Debug|Any CPU = Debug|Any CPU
		Debug|Mixed Platforms = Debug|Mixed Platforms
		Debug|x86 = Debug|x86
		Release|Any CPU = Release|Any CPU
		Release|Mixed Platforms = Release|Mixed Platforms
		Release|x86 = Release|x86
	EndGlobalSection
	GlobalSection(ProjectConfigurationPlatforms) = postSolution
		{E35A951E-AA92-4B66-B380-F9AD6FB50EAC}.Debug|Any CPU.ActiveCfg = Debug|x86
		{E35A951E-AA92-4B66-B380-F9AD6FB50EAC}.Debug|Mixed Platforms.ActiveCfg = Debug|x86
		{E35A951E-AA92-4B66-B380-F9AD6FB50EAC}.Debug|Mixed Platforms.Build.0 = Debug|x86
		{E35A951E-AA92-4B66-B380-F9AD6FB50EAC}.Debug|x86.ActiveCfg = Debug|x86
		{E35A951E-AA92-4B66-B380-F9AD6FB50EAC}.Debug|x86.Build.0 = Debug|x86
		{E35A951E-AA92-4B66-B380-F9AD6FB50EAC}.Release|Any CPU.ActiveCfg = Release|x86
		{E35A951E-AA92-4B66-B380-F9AD6FB50EAC}.Release|Mixed Platforms.ActiveCfg = Release|x86
		{E35A951E-AA92-4B66-B380-F9AD6FB50EAC}.Release|Mixed Platforms.Build.0 = Release|x86
		{E35A951E-AA92-4B66-B380-F9AD6FB50EAC}.Release|x86.ActiveCfg = Release|x86
		{E35A951E-AA92-4B66-B380-F9AD6FB50EAC}.Release|x86.Build.0 = Release|x86
		{E8F28048-B13B-4EE4-B726-93A81818A270}.Debug|Any CPU.ActiveCfg = Debug|Any CPU
		{E8F28048-B13B-4EE4-B726-93A81818A270}.Debug|Any CPU.Build.0 = Debug|Any CPU
		{E8F28048-B13B-4EE4-B726-93A81818A270}.Debug|Mixed Platforms.ActiveCfg = Debug|Any CPU
		{E8F28048-B13B-4EE4-B726-93A81818A270}.Debug|Mixed Platforms.Build.0 = Debug|Any CPU
		{E8F28048-B13B-4EE4-B726-93A81818A270}.Debug|x86.ActiveCfg = Debug|Any CPU
		{E8F28048-B13B-4EE4-B726-93A81818A270}.Release|Any CPU.ActiveCfg = Release|Any CPU
		{E8F28048-B13B-4EE4-B726-93A81818A270}.Release|Any CPU.Build.0 = Release|Any CPU
		{E8F28048-B13B-4EE4-B726-93A81818A270}.Release|Mixed Platforms.ActiveCfg = Release|Any CPU
		{E8F28048-B13B-4EE4-B726-93A81818A270}.Release|Mixed Platforms.Build.0 = Release|Any CPU
		{E8F28048-B13B-4EE4-B726-93A81818A270}.Release|x86.ActiveCfg = Release|Any CPU
	EndGlobalSection
	GlobalSection(SolutionProperties) = preSolution
		HideSolutionNode = FALSE
	EndGlobalSection
EndGlobal
